
Microsoft Visual Studio Solution File, Format Version 12.00
# Visual Studio Version 17
VisualStudioVersion = 17.5.33424.131
MinimumVisualStudioVersion = 10.0.40219.1
Project("{FAE04EC0-301F-11D3-BF4B-00C04F79EFBC}") = "Ecommerce_Pub_Sub_Orders", "Ecommerce_Pub_Sub_Orders\Ecommerce_Pub_Sub_Orders.csproj", "{4A6C6433-777B-44EE-BE01-70E533BDA590}"
EndProject
Global
	GlobalSection(SolutionConfigurationPlatforms) = preSolution
		Debug|Any CPU = Debug|Any CPU
		Release|Any CPU = Release|Any CPU
	EndGlobalSection
	GlobalSection(ProjectConfigurationPlatforms) = postSolution
		{4A6C6433-777B-44EE-BE01-70E533BDA590}.Debug|Any CPU.ActiveCfg = Debug|Any CPU
		{4A6C6433-777B-44EE-BE01-70E533BDA590}.Debug|Any CPU.Build.0 = Debug|Any CPU
		{4A6C6433-777B-44EE-BE01-70E533BDA590}.Release|Any CPU.ActiveCfg = Release|Any CPU
		{4A6C6433-777B-44EE-BE01-70E533BDA590}.Release|Any CPU.Build.0 = Release|Any CPU
	EndGlobalSection
	GlobalSection(SolutionProperties) = preSolution
		HideSolutionNode = FALSE
	EndGlobalSection
	GlobalSection(ExtensibilityGlobals) = postSolution
		SolutionGuid = {92BA723F-F1C5-4A97-B4FE-18ADB644CC78}
	EndGlobalSection
EndGlobal
